
Microsoft Visual Studio Solution File, Format Version 12.00
# Visual Studio 15
VisualStudioVersion = 15.0.27703.2026
MinimumVisualStudioVersion = 10.0.40219.1
Project("{FAE04EC0-301F-11D3-BF4B-00C04F79EFBC}") = "RestClientLibrary", "RestClientLibrary\RestClientLibrary.csproj", "{FA6924DD-1223-48BB-A48A-348A1C58E0B0}"
EndProject
Global
	GlobalSection(SolutionConfigurationPlatforms) = preSolution
		Debug|Any CPU = Debug|Any CPU
		Release|Any CPU = Release|Any CPU
	EndGlobalSection
	GlobalSection(ProjectConfigurationPlatforms) = postSolution
		{FA6924DD-1223-48BB-A48A-348A1C58E0B0}.Debug|Any CPU.ActiveCfg = Debug|Any CPU
		{FA6924DD-1223-48BB-A48A-348A1C58E0B0}.Debug|Any CPU.Build.0 = Debug|Any CPU
		{FA6924DD-1223-48BB-A48A-348A1C58E0B0}.Release|Any CPU.ActiveCfg = Release|Any CPU
		{FA6924DD-1223-48BB-A48A-348A1C58E0B0}.Release|Any CPU.Build.0 = Release|Any CPU
	EndGlobalSection
	GlobalSection(SolutionProperties) = preSolution
		HideSolutionNode = FALSE
	EndGlobalSection
	GlobalSection(ExtensibilityGlobals) = postSolution
		SolutionGuid = {B71CAAD5-D2A8-41FE-A7E0-482C425B2F7D}
	EndGlobalSection
EndGlobal
